
Microsoft Visual Studio Solution File, Format Version 12.00
# Visual Studio 14
VisualStudioVersion = 14.0.25420.1
MinimumVisualStudioVersion = 10.0.40219.1
Project("{FAE04EC0-301F-11D3-BF4B-00C04F79EFBC}") = "FASM", "FASM\FASM.csproj", "{4C4F9E1B-354D-42ED-8B66-44ECDDC82931}"
EndProject
Project("{FAE04EC0-301F-11D3-BF4B-00C04F79EFBC}") = "FASM_BI", "FASM_BI\FASM_BI.csproj", "{B1DB04D7-C469-416F-AC56-880E210768B9}"
EndProject
Project("{FAE04EC0-301F-11D3-BF4B-00C04F79EFBC}") = "FASM_BL", "FASM_BL\FASM_BL.csproj", "{9188AC36-8715-4501-B322-06F9140D0888}"
EndProject
Project("{FAE04EC0-301F-11D3-BF4B-00C04F79EFBC}") = "FASM_DAL", "FASM_DAL\FASM_DAL.csproj", "{26FBE74A-DA60-4536-B0F0-F8BFEDFE32A7}"
EndProject
Project("{FAE04EC0-301F-11D3-BF4B-00C04F79EFBC}") = "FASM_EN", "FASM_EN\FASM_EN.csproj", "{D5B7D40E-613A-4827-A1FB-387672AF7531}"
EndProject
Project("{FAE04EC0-301F-11D3-BF4B-00C04F79EFBC}") = "FASM_GN", "FASM_GN\FASM_GN.csproj", "{2D53A0C7-F7D6-4AAB-BEFE-C9DDE3A3F699}"
EndProject
Global
	GlobalSection(SolutionConfigurationPlatforms) = preSolution
		Debug|Any CPU = Debug|Any CPU
		Release|Any CPU = Release|Any CPU
	EndGlobalSection
	GlobalSection(ProjectConfigurationPlatforms) = postSolution
		{4C4F9E1B-354D-42ED-8B66-44ECDDC82931}.Debug|Any CPU.ActiveCfg = Debug|Any CPU
		{4C4F9E1B-354D-42ED-8B66-44ECDDC82931}.Debug|Any CPU.Build.0 = Debug|Any CPU
		{4C4F9E1B-354D-42ED-8B66-44ECDDC82931}.Release|Any CPU.ActiveCfg = Release|Any CPU
		{4C4F9E1B-354D-42ED-8B66-44ECDDC82931}.Release|Any CPU.Build.0 = Release|Any CPU
		{B1DB04D7-C469-416F-AC56-880E210768B9}.Debug|Any CPU.ActiveCfg = Debug|Any CPU
		{B1DB04D7-C469-416F-AC56-880E210768B9}.Debug|Any CPU.Build.0 = Debug|Any CPU
		{B1DB04D7-C469-416F-AC56-880E210768B9}.Release|Any CPU.ActiveCfg = Release|Any CPU
		{B1DB04D7-C469-416F-AC56-880E210768B9}.Release|Any CPU.Build.0 = Release|Any CPU
		{9188AC36-8715-4501-B322-06F9140D0888}.Debug|Any CPU.ActiveCfg = Debug|Any CPU
		{9188AC36-8715-4501-B322-06F9140D0888}.Debug|Any CPU.Build.0 = Debug|Any CPU
		{9188AC36-8715-4501-B322-06F9140D0888}.Release|Any CPU.ActiveCfg = Release|Any CPU
		{9188AC36-8715-4501-B322-06F9140D0888}.Release|Any CPU.Build.0 = Release|Any CPU
		{26FBE74A-DA60-4536-B0F0-F8BFEDFE32A7}.Debug|Any CPU.ActiveCfg = Debug|Any CPU
		{26FBE74A-DA60-4536-B0F0-F8BFEDFE32A7}.Debug|Any CPU.Build.0 = Debug|Any CPU
		{26FBE74A-DA60-4536-B0F0-F8BFEDFE32A7}.Release|Any CPU.ActiveCfg = Release|Any CPU
		{26FBE74A-DA60-4536-B0F0-F8BFEDFE32A7}.Release|Any CPU.Build.0 = Release|Any CPU
		{D5B7D40E-613A-4827-A1FB-387672AF7531}.Debug|Any CPU.ActiveCfg = Debug|Any CPU
		{D5B7D40E-613A-4827-A1FB-387672AF7531}.Debug|Any CPU.Build.0 = Debug|Any CPU
		{D5B7D40E-613A-4827-A1FB-387672AF7531}.Release|Any CPU.ActiveCfg = Release|Any CPU
		{D5B7D40E-613A-4827-A1FB-387672AF7531}.Release|Any CPU.Build.0 = Release|Any CPU
		{2D53A0C7-F7D6-4AAB-BEFE-C9DDE3A3F699}.Debug|Any CPU.ActiveCfg = Debug|Any CPU
		{2D53A0C7-F7D6-4AAB-BEFE-C9DDE3A3F699}.Debug|Any CPU.Build.0 = Debug|Any CPU
		{2D53A0C7-F7D6-4AAB-BEFE-C9DDE3A3F699}.Release|Any CPU.ActiveCfg = Release|Any CPU
		{2D53A0C7-F7D6-4AAB-BEFE-C9DDE3A3F699}.Release|Any CPU.Build.0 = Release|Any CPU
	EndGlobalSection
	GlobalSection(SolutionProperties) = preSolution
		HideSolutionNode = FALSE
	EndGlobalSection
EndGlobal
